
Microsoft Visual Studio Solution File, Format Version 12.00
# Visual Studio Version 17
VisualStudioVersion = 17.5.002.0
MinimumVisualStudioVersion = 10.0.40219.1
Project("{9A19103F-16F7-4668-BE54-9A1E7A4F7556}") = "HoleriteMinsait", "HoleriteMinsait.csproj", "{A2B39FF6-A4FD-49A6-9DAB-98004D56879C}"
EndProject
Global
	GlobalSection(SolutionConfigurationPlatforms) = preSolution
		Debug|Any CPU = Debug|Any CPU
		Release|Any CPU = Release|Any CPU
	EndGlobalSection
	GlobalSection(ProjectConfigurationPlatforms) = postSolution
		{A2B39FF6-A4FD-49A6-9DAB-98004D56879C}.Debug|Any CPU.ActiveCfg = Debug|Any CPU
		{A2B39FF6-A4FD-49A6-9DAB-98004D56879C}.Debug|Any CPU.Build.0 = Debug|Any CPU
		{A2B39FF6-A4FD-49A6-9DAB-98004D56879C}.Release|Any CPU.ActiveCfg = Release|Any CPU
		{A2B39FF6-A4FD-49A6-9DAB-98004D56879C}.Release|Any CPU.Build.0 = Release|Any CPU
	EndGlobalSection
	GlobalSection(SolutionProperties) = preSolution
		HideSolutionNode = FALSE
	EndGlobalSection
	GlobalSection(ExtensibilityGlobals) = postSolution
		SolutionGuid = {81D9C86E-60B0-4800-AD44-B595E433B332}
	EndGlobalSection
EndGlobal
